
Microsoft Visual Studio Solution File, Format Version 12.00
# Visual Studio Version 17
VisualStudioVersion = 17.11.35327.3
MinimumVisualStudioVersion = 10.0.40219.1
Project("{FAE04EC0-301F-11D3-BF4B-00C04F79EFBC}") = "VistaASPNETF", "Vista en ASP net Fram\VistaASPNETF.csproj", "{EB5FA3D2-2031-49A7-872C-A5F089BAEE81}"
EndProject
Project("{2150E333-8FDC-42A3-9474-1A3956D46DE8}") = "Core", "Core", "{769A9A88-D1E6-441B-80EF-C77ACE919B0A}"
EndProject
Project("{2150E333-8FDC-42A3-9474-1A3956D46DE8}") = "Application", "Application", "{3CE55783-EC21-4F49-A17B-690ED6AD48AE}"
EndProject
Project("{2150E333-8FDC-42A3-9474-1A3956D46DE8}") = "Infrastructure", "Infrastructure", "{F3DE76DD-3129-45FC-8252-147C8D5B5801}"
EndProject
Project("{2150E333-8FDC-42A3-9474-1A3956D46DE8}") = "Presentation", "Presentation", "{70887850-434C-4A6F-8708-50A9E3E4D055}"
EndProject
Project("{2150E333-8FDC-42A3-9474-1A3956D46DE8}") = "Data", "Data", "{94168DD1-6526-4BC3-8355-ED157468BACA}"
EndProject
Project("{FAE04EC0-301F-11D3-BF4B-00C04F79EFBC}") = "DataNegocios", "Negocios\DataNegocios.csproj", "{A9B29D7F-BEFD-4070-B725-C8114900A364}"
EndProject
Project("{2150E333-8FDC-42A3-9474-1A3956D46DE8}") = "Interface", "Interface", "{66C46A88-3AB2-42E8-A89C-FECC98F1125B}"
EndProject
Project("{FAE04EC0-301F-11D3-BF4B-00C04F79EFBC}") = "InterfaceNegocios", "EntityNegocios\InterfaceNegocios.csproj", "{A5A810FA-9550-450D-B2EF-505A6090CC13}"
EndProject
Project("{2150E333-8FDC-42A3-9474-1A3956D46DE8}") = "Entity", "Entity", "{3CA0B3FF-B996-4A1E-BC69-72F4A1FC73AB}"
EndProject
Project("{2150E333-8FDC-42A3-9474-1A3956D46DE8}") = "Repository", "Repository", "{B16E2D96-AF39-4E52-84F7-0E843A375308}"
EndProject
Project("{FAE04EC0-301F-11D3-BF4B-00C04F79EFBC}") = "RepositoryNegocios", "RepositoryNegocios\RepositoryNegocios.csproj", "{9138441D-6BE0-4C0E-8460-7DB603CDF088}"
EndProject
Project("{2150E333-8FDC-42A3-9474-1A3956D46DE8}") = "Entity", "Entity", "{C1911E31-8975-492A-9A5E-92D1CBF4C868}"
EndProject
Global
	GlobalSection(SolutionConfigurationPlatforms) = preSolution
		Debug|Any CPU = Debug|Any CPU
		Release|Any CPU = Release|Any CPU
	EndGlobalSection
	GlobalSection(ProjectConfigurationPlatforms) = postSolution
		{EB5FA3D2-2031-49A7-872C-A5F089BAEE81}.Debug|Any CPU.ActiveCfg = Debug|Any CPU
		{EB5FA3D2-2031-49A7-872C-A5F089BAEE81}.Debug|Any CPU.Build.0 = Debug|Any CPU
		{EB5FA3D2-2031-49A7-872C-A5F089BAEE81}.Release|Any CPU.ActiveCfg = Release|Any CPU
		{EB5FA3D2-2031-49A7-872C-A5F089BAEE81}.Release|Any CPU.Build.0 = Release|Any CPU
		{A9B29D7F-BEFD-4070-B725-C8114900A364}.Debug|Any CPU.ActiveCfg = Debug|Any CPU
		{A9B29D7F-BEFD-4070-B725-C8114900A364}.Debug|Any CPU.Build.0 = Debug|Any CPU
		{A9B29D7F-BEFD-4070-B725-C8114900A364}.Release|Any CPU.ActiveCfg = Release|Any CPU
		{A9B29D7F-BEFD-4070-B725-C8114900A364}.Release|Any CPU.Build.0 = Release|Any CPU
		{A5A810FA-9550-450D-B2EF-505A6090CC13}.Debug|Any CPU.ActiveCfg = Debug|Any CPU
		{A5A810FA-9550-450D-B2EF-505A6090CC13}.Debug|Any CPU.Build.0 = Debug|Any CPU
		{A5A810FA-9550-450D-B2EF-505A6090CC13}.Release|Any CPU.ActiveCfg = Release|Any CPU
		{A5A810FA-9550-450D-B2EF-505A6090CC13}.Release|Any CPU.Build.0 = Release|Any CPU
		{9138441D-6BE0-4C0E-8460-7DB603CDF088}.Debug|Any CPU.ActiveCfg = Debug|Any CPU
		{9138441D-6BE0-4C0E-8460-7DB603CDF088}.Debug|Any CPU.Build.0 = Debug|Any CPU
		{9138441D-6BE0-4C0E-8460-7DB603CDF088}.Release|Any CPU.ActiveCfg = Release|Any CPU
		{9138441D-6BE0-4C0E-8460-7DB603CDF088}.Release|Any CPU.Build.0 = Release|Any CPU
	EndGlobalSection
	GlobalSection(SolutionProperties) = preSolution
		HideSolutionNode = FALSE
	EndGlobalSection
	GlobalSection(NestedProjects) = preSolution
		{EB5FA3D2-2031-49A7-872C-A5F089BAEE81} = {70887850-434C-4A6F-8708-50A9E3E4D055}
		{94168DD1-6526-4BC3-8355-ED157468BACA} = {F3DE76DD-3129-45FC-8252-147C8D5B5801}
		{A9B29D7F-BEFD-4070-B725-C8114900A364} = {94168DD1-6526-4BC3-8355-ED157468BACA}
		{66C46A88-3AB2-42E8-A89C-FECC98F1125B} = {3CA0B3FF-B996-4A1E-BC69-72F4A1FC73AB}
		{A5A810FA-9550-450D-B2EF-505A6090CC13} = {3CA0B3FF-B996-4A1E-BC69-72F4A1FC73AB}
		{3CA0B3FF-B996-4A1E-BC69-72F4A1FC73AB} = {769A9A88-D1E6-441B-80EF-C77ACE919B0A}
		{B16E2D96-AF39-4E52-84F7-0E843A375308} = {769A9A88-D1E6-441B-80EF-C77ACE919B0A}
		{9138441D-6BE0-4C0E-8460-7DB603CDF088} = {B16E2D96-AF39-4E52-84F7-0E843A375308}
		{C1911E31-8975-492A-9A5E-92D1CBF4C868} = {3CA0B3FF-B996-4A1E-BC69-72F4A1FC73AB}
	EndGlobalSection
	GlobalSection(ExtensibilityGlobals) = postSolution
		SolutionGuid = {9BD24F4C-EF81-4B80-9B42-4AF90D5EE0DA}
	EndGlobalSection
EndGlobal
